
Microsoft Visual Studio Solution File, Format Version 12.00
# Visual Studio Version 17
VisualStudioVersion = 17.6.33829.357
MinimumVisualStudioVersion = 10.0.40219.1
Project("{FAE04EC0-301F-11D3-BF4B-00C04F79EFBC}") = "SampleEx103", "SampleEx103\SampleEx103.csproj", "{F75089A5-6B73-48CE-9AB8-10CB76AC272E}"
EndProject
Global
	GlobalSection(SolutionConfigurationPlatforms) = preSolution
		Debug|Any CPU = Debug|Any CPU
		Release|Any CPU = Release|Any CPU
	EndGlobalSection
	GlobalSection(ProjectConfigurationPlatforms) = postSolution
		{F75089A5-6B73-48CE-9AB8-10CB76AC272E}.Debug|Any CPU.ActiveCfg = Debug|Any CPU
		{F75089A5-6B73-48CE-9AB8-10CB76AC272E}.Debug|Any CPU.Build.0 = Debug|Any CPU
		{F75089A5-6B73-48CE-9AB8-10CB76AC272E}.Release|Any CPU.ActiveCfg = Release|Any CPU
		{F75089A5-6B73-48CE-9AB8-10CB76AC272E}.Release|Any CPU.Build.0 = Release|Any CPU
	EndGlobalSection
	GlobalSection(SolutionProperties) = preSolution
		HideSolutionNode = FALSE
	EndGlobalSection
	GlobalSection(ExtensibilityGlobals) = postSolution
		SolutionGuid = {0DF2159B-CBE5-41B1-AD4A-0009A3D48AC4}
	EndGlobalSection
EndGlobal
