
Microsoft Visual Studio Solution File, Format Version 12.00
# Visual Studio Version 17
VisualStudioVersion = 17.6.33829.357
MinimumVisualStudioVersion = 10.0.40219.1
Project("{FAE04EC0-301F-11D3-BF4B-00C04F79EFBC}") = "230812_1", "230812_1\230812_1.csproj", "{0951FDF1-CCFE-47E1-9B82-A8643BCE7808}"
EndProject
Global
	GlobalSection(SolutionConfigurationPlatforms) = preSolution
		Debug|Any CPU = Debug|Any CPU
		Release|Any CPU = Release|Any CPU
	EndGlobalSection
	GlobalSection(ProjectConfigurationPlatforms) = postSolution
		{0951FDF1-CCFE-47E1-9B82-A8643BCE7808}.Debug|Any CPU.ActiveCfg = Debug|Any CPU
		{0951FDF1-CCFE-47E1-9B82-A8643BCE7808}.Debug|Any CPU.Build.0 = Debug|Any CPU
		{0951FDF1-CCFE-47E1-9B82-A8643BCE7808}.Release|Any CPU.ActiveCfg = Release|Any CPU
		{0951FDF1-CCFE-47E1-9B82-A8643BCE7808}.Release|Any CPU.Build.0 = Release|Any CPU
	EndGlobalSection
	GlobalSection(SolutionProperties) = preSolution
		HideSolutionNode = FALSE
	EndGlobalSection
	GlobalSection(ExtensibilityGlobals) = postSolution
		SolutionGuid = {A49D9305-2063-4507-8D57-2134FB2CA155}
	EndGlobalSection
EndGlobal
