
Microsoft Visual Studio Solution File, Format Version 12.00
# Visual Studio Version 17
VisualStudioVersion = 17.6.33829.357
MinimumVisualStudioVersion = 10.0.40219.1
Project("{FAE04EC0-301F-11D3-BF4B-00C04F79EFBC}") = "230812_10", "230812_10\230812_10.csproj", "{4D667CEC-AC50-4A64-A638-5C71DE5A72EE}"
EndProject
Global
	GlobalSection(SolutionConfigurationPlatforms) = preSolution
		Debug|Any CPU = Debug|Any CPU
		Release|Any CPU = Release|Any CPU
	EndGlobalSection
	GlobalSection(ProjectConfigurationPlatforms) = postSolution
		{4D667CEC-AC50-4A64-A638-5C71DE5A72EE}.Debug|Any CPU.ActiveCfg = Debug|Any CPU
		{4D667CEC-AC50-4A64-A638-5C71DE5A72EE}.Debug|Any CPU.Build.0 = Debug|Any CPU
		{4D667CEC-AC50-4A64-A638-5C71DE5A72EE}.Release|Any CPU.ActiveCfg = Release|Any CPU
		{4D667CEC-AC50-4A64-A638-5C71DE5A72EE}.Release|Any CPU.Build.0 = Release|Any CPU
	EndGlobalSection
	GlobalSection(SolutionProperties) = preSolution
		HideSolutionNode = FALSE
	EndGlobalSection
	GlobalSection(ExtensibilityGlobals) = postSolution
		SolutionGuid = {D869D8A1-E0E6-44AE-8316-B412C517F41B}
	EndGlobalSection
EndGlobal
