
Microsoft Visual Studio Solution File, Format Version 12.00
# Visual Studio Version 17
VisualStudioVersion = 17.7.34024.191
MinimumVisualStudioVersion = 10.0.40219.1
Project("{FAE04EC0-301F-11D3-BF4B-00C04F79EFBC}") = "d268", "d268\d268.csproj", "{D76B757F-467B-4881-B171-2A12395FA3B8}"
EndProject
Global
	GlobalSection(SolutionConfigurationPlatforms) = preSolution
		Debug|Any CPU = Debug|Any CPU
		Release|Any CPU = Release|Any CPU
	EndGlobalSection
	GlobalSection(ProjectConfigurationPlatforms) = postSolution
		{D76B757F-467B-4881-B171-2A12395FA3B8}.Debug|Any CPU.ActiveCfg = Debug|Any CPU
		{D76B757F-467B-4881-B171-2A12395FA3B8}.Debug|Any CPU.Build.0 = Debug|Any CPU
		{D76B757F-467B-4881-B171-2A12395FA3B8}.Release|Any CPU.ActiveCfg = Release|Any CPU
		{D76B757F-467B-4881-B171-2A12395FA3B8}.Release|Any CPU.Build.0 = Release|Any CPU
	EndGlobalSection
	GlobalSection(SolutionProperties) = preSolution
		HideSolutionNode = FALSE
	EndGlobalSection
	GlobalSection(ExtensibilityGlobals) = postSolution
		SolutionGuid = {D267E77C-9CBC-4D2C-9939-537987E06467}
	EndGlobalSection
EndGlobal
