
Microsoft Visual Studio Solution File, Format Version 12.00
# Visual Studio Version 17
VisualStudioVersion = 17.6.33829.357
MinimumVisualStudioVersion = 10.0.40219.1
Project("{FAE04EC0-301F-11D3-BF4B-00C04F79EFBC}") = "SampleEx703x", "SampleEx703x\SampleEx703x.csproj", "{BBC872FB-0D41-46A0-B93E-7090EC6FEE5D}"
EndProject
Global
	GlobalSection(SolutionConfigurationPlatforms) = preSolution
		Debug|Any CPU = Debug|Any CPU
		Release|Any CPU = Release|Any CPU
	EndGlobalSection
	GlobalSection(ProjectConfigurationPlatforms) = postSolution
		{BBC872FB-0D41-46A0-B93E-7090EC6FEE5D}.Debug|Any CPU.ActiveCfg = Debug|Any CPU
		{BBC872FB-0D41-46A0-B93E-7090EC6FEE5D}.Debug|Any CPU.Build.0 = Debug|Any CPU
		{BBC872FB-0D41-46A0-B93E-7090EC6FEE5D}.Release|Any CPU.ActiveCfg = Release|Any CPU
		{BBC872FB-0D41-46A0-B93E-7090EC6FEE5D}.Release|Any CPU.Build.0 = Release|Any CPU
	EndGlobalSection
	GlobalSection(SolutionProperties) = preSolution
		HideSolutionNode = FALSE
	EndGlobalSection
	GlobalSection(ExtensibilityGlobals) = postSolution
		SolutionGuid = {C761ADE6-8356-49A9-B228-FE42C454A21A}
	EndGlobalSection
EndGlobal
