
Microsoft Visual Studio Solution File, Format Version 12.00
# Visual Studio Version 17
VisualStudioVersion = 17.6.33829.357
MinimumVisualStudioVersion = 10.0.40219.1
Project("{FAE04EC0-301F-11D3-BF4B-00C04F79EFBC}") = "230812_8", "230812_8\230812_8.csproj", "{FC4534BD-1A99-4787-8094-8BDE19D5D4CD}"
EndProject
Global
	GlobalSection(SolutionConfigurationPlatforms) = preSolution
		Debug|Any CPU = Debug|Any CPU
		Release|Any CPU = Release|Any CPU
	EndGlobalSection
	GlobalSection(ProjectConfigurationPlatforms) = postSolution
		{FC4534BD-1A99-4787-8094-8BDE19D5D4CD}.Debug|Any CPU.ActiveCfg = Debug|Any CPU
		{FC4534BD-1A99-4787-8094-8BDE19D5D4CD}.Debug|Any CPU.Build.0 = Debug|Any CPU
		{FC4534BD-1A99-4787-8094-8BDE19D5D4CD}.Release|Any CPU.ActiveCfg = Release|Any CPU
		{FC4534BD-1A99-4787-8094-8BDE19D5D4CD}.Release|Any CPU.Build.0 = Release|Any CPU
	EndGlobalSection
	GlobalSection(SolutionProperties) = preSolution
		HideSolutionNode = FALSE
	EndGlobalSection
	GlobalSection(ExtensibilityGlobals) = postSolution
		SolutionGuid = {F729EA91-7F80-4E4B-9919-025F4CAD1255}
	EndGlobalSection
EndGlobal
