
Microsoft Visual Studio Solution File, Format Version 12.00
# Visual Studio Version 17
VisualStudioVersion = 17.6.33829.357
MinimumVisualStudioVersion = 10.0.40219.1
Project("{FAE04EC0-301F-11D3-BF4B-00C04F79EFBC}") = "SampleEx602", "SampleEx602\SampleEx602.csproj", "{AEC1E1C0-F779-4E9A-A3F2-D385F25B2F40}"
EndProject
Global
	GlobalSection(SolutionConfigurationPlatforms) = preSolution
		Debug|Any CPU = Debug|Any CPU
		Release|Any CPU = Release|Any CPU
	EndGlobalSection
	GlobalSection(ProjectConfigurationPlatforms) = postSolution
		{AEC1E1C0-F779-4E9A-A3F2-D385F25B2F40}.Debug|Any CPU.ActiveCfg = Debug|Any CPU
		{AEC1E1C0-F779-4E9A-A3F2-D385F25B2F40}.Debug|Any CPU.Build.0 = Debug|Any CPU
		{AEC1E1C0-F779-4E9A-A3F2-D385F25B2F40}.Release|Any CPU.ActiveCfg = Release|Any CPU
		{AEC1E1C0-F779-4E9A-A3F2-D385F25B2F40}.Release|Any CPU.Build.0 = Release|Any CPU
	EndGlobalSection
	GlobalSection(SolutionProperties) = preSolution
		HideSolutionNode = FALSE
	EndGlobalSection
	GlobalSection(ExtensibilityGlobals) = postSolution
		SolutionGuid = {55EC837A-E87F-4631-85EF-6C372BDBEC55}
	EndGlobalSection
EndGlobal
