
Microsoft Visual Studio Solution File, Format Version 12.00
# Visual Studio Version 17
VisualStudioVersion = 17.9.34728.123
MinimumVisualStudioVersion = 10.0.40219.1
Project("{FAE04EC0-301F-11D3-BF4B-00C04F79EFBC}") = "D288", "D288\D288.csproj", "{90EAFC53-8A64-4F72-B8B2-F207ADF120BF}"
EndProject
Global
	GlobalSection(SolutionConfigurationPlatforms) = preSolution
		Debug|Any CPU = Debug|Any CPU
		Release|Any CPU = Release|Any CPU
	EndGlobalSection
	GlobalSection(ProjectConfigurationPlatforms) = postSolution
		{90EAFC53-8A64-4F72-B8B2-F207ADF120BF}.Debug|Any CPU.ActiveCfg = Debug|Any CPU
		{90EAFC53-8A64-4F72-B8B2-F207ADF120BF}.Debug|Any CPU.Build.0 = Debug|Any CPU
		{90EAFC53-8A64-4F72-B8B2-F207ADF120BF}.Release|Any CPU.ActiveCfg = Release|Any CPU
		{90EAFC53-8A64-4F72-B8B2-F207ADF120BF}.Release|Any CPU.Build.0 = Release|Any CPU
	EndGlobalSection
	GlobalSection(SolutionProperties) = preSolution
		HideSolutionNode = FALSE
	EndGlobalSection
	GlobalSection(ExtensibilityGlobals) = postSolution
		SolutionGuid = {A3EEE27A-D675-41AD-98A9-73FD32578E5B}
	EndGlobalSection
EndGlobal
