
Microsoft Visual Studio Solution File, Format Version 12.00
# Visual Studio Version 17
VisualStudioVersion = 17.6.33829.357
MinimumVisualStudioVersion = 10.0.40219.1
Project("{FAE04EC0-301F-11D3-BF4B-00C04F79EFBC}") = "230810_5", "230810_5\230810_5.csproj", "{D94F234A-2986-4F19-81D7-7FEFB6F45E40}"
EndProject
Global
	GlobalSection(SolutionConfigurationPlatforms) = preSolution
		Debug|Any CPU = Debug|Any CPU
		Release|Any CPU = Release|Any CPU
	EndGlobalSection
	GlobalSection(ProjectConfigurationPlatforms) = postSolution
		{D94F234A-2986-4F19-81D7-7FEFB6F45E40}.Debug|Any CPU.ActiveCfg = Debug|Any CPU
		{D94F234A-2986-4F19-81D7-7FEFB6F45E40}.Debug|Any CPU.Build.0 = Debug|Any CPU
		{D94F234A-2986-4F19-81D7-7FEFB6F45E40}.Release|Any CPU.ActiveCfg = Release|Any CPU
		{D94F234A-2986-4F19-81D7-7FEFB6F45E40}.Release|Any CPU.Build.0 = Release|Any CPU
	EndGlobalSection
	GlobalSection(SolutionProperties) = preSolution
		HideSolutionNode = FALSE
	EndGlobalSection
	GlobalSection(ExtensibilityGlobals) = postSolution
		SolutionGuid = {7947E741-24FA-43D9-B1F7-12655BAB6148}
	EndGlobalSection
EndGlobal
