
Microsoft Visual Studio Solution File, Format Version 12.00
# Visual Studio Version 17
VisualStudioVersion = 17.6.33829.357
MinimumVisualStudioVersion = 10.0.40219.1
Project("{FAE04EC0-301F-11D3-BF4B-00C04F79EFBC}") = "230813_01", "230813_01\230813_01.csproj", "{EFDD0049-916B-42A8-B1D4-04C96831A498}"
EndProject
Global
	GlobalSection(SolutionConfigurationPlatforms) = preSolution
		Debug|Any CPU = Debug|Any CPU
		Release|Any CPU = Release|Any CPU
	EndGlobalSection
	GlobalSection(ProjectConfigurationPlatforms) = postSolution
		{EFDD0049-916B-42A8-B1D4-04C96831A498}.Debug|Any CPU.ActiveCfg = Debug|Any CPU
		{EFDD0049-916B-42A8-B1D4-04C96831A498}.Debug|Any CPU.Build.0 = Debug|Any CPU
		{EFDD0049-916B-42A8-B1D4-04C96831A498}.Release|Any CPU.ActiveCfg = Release|Any CPU
		{EFDD0049-916B-42A8-B1D4-04C96831A498}.Release|Any CPU.Build.0 = Release|Any CPU
	EndGlobalSection
	GlobalSection(SolutionProperties) = preSolution
		HideSolutionNode = FALSE
	EndGlobalSection
	GlobalSection(ExtensibilityGlobals) = postSolution
		SolutionGuid = {6554FF9E-A5BE-4332-BFE1-5D503B24844A}
	EndGlobalSection
EndGlobal
