
Microsoft Visual Studio Solution File, Format Version 12.00
# Visual Studio Version 17
VisualStudioVersion = 17.6.33829.357
MinimumVisualStudioVersion = 10.0.40219.1
Project("{FAE04EC0-301F-11D3-BF4B-00C04F79EFBC}") = "SampleEx702", "SampleEx702\SampleEx702.csproj", "{01DE37C5-4ECC-43B9-AB52-F749136A0150}"
EndProject
Global
	GlobalSection(SolutionConfigurationPlatforms) = preSolution
		Debug|Any CPU = Debug|Any CPU
		Release|Any CPU = Release|Any CPU
	EndGlobalSection
	GlobalSection(ProjectConfigurationPlatforms) = postSolution
		{01DE37C5-4ECC-43B9-AB52-F749136A0150}.Debug|Any CPU.ActiveCfg = Debug|Any CPU
		{01DE37C5-4ECC-43B9-AB52-F749136A0150}.Debug|Any CPU.Build.0 = Debug|Any CPU
		{01DE37C5-4ECC-43B9-AB52-F749136A0150}.Release|Any CPU.ActiveCfg = Release|Any CPU
		{01DE37C5-4ECC-43B9-AB52-F749136A0150}.Release|Any CPU.Build.0 = Release|Any CPU
	EndGlobalSection
	GlobalSection(SolutionProperties) = preSolution
		HideSolutionNode = FALSE
	EndGlobalSection
	GlobalSection(ExtensibilityGlobals) = postSolution
		SolutionGuid = {62B9F17E-434A-4FB0-98F3-21211829420B}
	EndGlobalSection
EndGlobal
