
Microsoft Visual Studio Solution File, Format Version 12.00
# Visual Studio Version 17
VisualStudioVersion = 17.7.34024.191
MinimumVisualStudioVersion = 10.0.40219.1
Project("{FAE04EC0-301F-11D3-BF4B-00C04F79EFBC}") = "c064", "c064\c064.csproj", "{71098500-213F-4E7B-900D-0BE46A2C1CFB}"
EndProject
Global
	GlobalSection(SolutionConfigurationPlatforms) = preSolution
		Debug|Any CPU = Debug|Any CPU
		Release|Any CPU = Release|Any CPU
	EndGlobalSection
	GlobalSection(ProjectConfigurationPlatforms) = postSolution
		{71098500-213F-4E7B-900D-0BE46A2C1CFB}.Debug|Any CPU.ActiveCfg = Debug|Any CPU
		{71098500-213F-4E7B-900D-0BE46A2C1CFB}.Debug|Any CPU.Build.0 = Debug|Any CPU
		{71098500-213F-4E7B-900D-0BE46A2C1CFB}.Release|Any CPU.ActiveCfg = Release|Any CPU
		{71098500-213F-4E7B-900D-0BE46A2C1CFB}.Release|Any CPU.Build.0 = Release|Any CPU
	EndGlobalSection
	GlobalSection(SolutionProperties) = preSolution
		HideSolutionNode = FALSE
	EndGlobalSection
	GlobalSection(ExtensibilityGlobals) = postSolution
		SolutionGuid = {D05A5BC8-1D38-492A-ACC8-3192F66BDA58}
	EndGlobalSection
EndGlobal
