
Microsoft Visual Studio Solution File, Format Version 12.00
# Visual Studio Version 17
VisualStudioVersion = 17.7.34024.191
MinimumVisualStudioVersion = 10.0.40219.1
Project("{FAE04EC0-301F-11D3-BF4B-00C04F79EFBC}") = "d285", "d285\d285.csproj", "{81A52B51-222F-4E08-8DC2-0E8B7A01CA09}"
EndProject
Global
	GlobalSection(SolutionConfigurationPlatforms) = preSolution
		Debug|Any CPU = Debug|Any CPU
		Release|Any CPU = Release|Any CPU
	EndGlobalSection
	GlobalSection(ProjectConfigurationPlatforms) = postSolution
		{81A52B51-222F-4E08-8DC2-0E8B7A01CA09}.Debug|Any CPU.ActiveCfg = Debug|Any CPU
		{81A52B51-222F-4E08-8DC2-0E8B7A01CA09}.Debug|Any CPU.Build.0 = Debug|Any CPU
		{81A52B51-222F-4E08-8DC2-0E8B7A01CA09}.Release|Any CPU.ActiveCfg = Release|Any CPU
		{81A52B51-222F-4E08-8DC2-0E8B7A01CA09}.Release|Any CPU.Build.0 = Release|Any CPU
	EndGlobalSection
	GlobalSection(SolutionProperties) = preSolution
		HideSolutionNode = FALSE
	EndGlobalSection
	GlobalSection(ExtensibilityGlobals) = postSolution
		SolutionGuid = {1D76D2F0-0EFE-4887-BDC0-12F37A676C9B}
	EndGlobalSection
EndGlobal
