
Microsoft Visual Studio Solution File, Format Version 12.00
# Visual Studio Version 17
VisualStudioVersion = 17.7.34009.444
MinimumVisualStudioVersion = 10.0.40219.1
Project("{FAE04EC0-301F-11D3-BF4B-00C04F79EFBC}") = "01", "01\01.csproj", "{00653D7A-7910-4C18-86F2-F34872652FE5}"
EndProject
Global
	GlobalSection(SolutionConfigurationPlatforms) = preSolution
		Debug|Any CPU = Debug|Any CPU
		Release|Any CPU = Release|Any CPU
	EndGlobalSection
	GlobalSection(ProjectConfigurationPlatforms) = postSolution
		{00653D7A-7910-4C18-86F2-F34872652FE5}.Debug|Any CPU.ActiveCfg = Debug|Any CPU
		{00653D7A-7910-4C18-86F2-F34872652FE5}.Debug|Any CPU.Build.0 = Debug|Any CPU
		{00653D7A-7910-4C18-86F2-F34872652FE5}.Release|Any CPU.ActiveCfg = Release|Any CPU
		{00653D7A-7910-4C18-86F2-F34872652FE5}.Release|Any CPU.Build.0 = Release|Any CPU
	EndGlobalSection
	GlobalSection(SolutionProperties) = preSolution
		HideSolutionNode = FALSE
	EndGlobalSection
	GlobalSection(ExtensibilityGlobals) = postSolution
		SolutionGuid = {547FF2D9-776D-4250-BEFE-3B2ADDFF7BF4}
	EndGlobalSection
EndGlobal
