
Microsoft Visual Studio Solution File, Format Version 12.00
# Visual Studio Version 17
VisualStudioVersion = 17.7.34009.444
MinimumVisualStudioVersion = 10.0.40219.1
Project("{FAE04EC0-301F-11D3-BF4B-00C04F79EFBC}") = "01", "01\01.csproj", "{02A7E79D-D0BE-45BA-AD1B-6FD71C27C2E6}"
EndProject
Global
	GlobalSection(SolutionConfigurationPlatforms) = preSolution
		Debug|Any CPU = Debug|Any CPU
		Release|Any CPU = Release|Any CPU
	EndGlobalSection
	GlobalSection(ProjectConfigurationPlatforms) = postSolution
		{02A7E79D-D0BE-45BA-AD1B-6FD71C27C2E6}.Debug|Any CPU.ActiveCfg = Debug|Any CPU
		{02A7E79D-D0BE-45BA-AD1B-6FD71C27C2E6}.Debug|Any CPU.Build.0 = Debug|Any CPU
		{02A7E79D-D0BE-45BA-AD1B-6FD71C27C2E6}.Release|Any CPU.ActiveCfg = Release|Any CPU
		{02A7E79D-D0BE-45BA-AD1B-6FD71C27C2E6}.Release|Any CPU.Build.0 = Release|Any CPU
	EndGlobalSection
	GlobalSection(SolutionProperties) = preSolution
		HideSolutionNode = FALSE
	EndGlobalSection
	GlobalSection(ExtensibilityGlobals) = postSolution
		SolutionGuid = {27A1B3C0-3321-402B-8B55-1C4A28FCDDA2}
	EndGlobalSection
EndGlobal
