
Microsoft Visual Studio Solution File, Format Version 12.00
# Visual Studio Version 17
VisualStudioVersion = 17.7.34024.191
MinimumVisualStudioVersion = 10.0.40219.1
Project("{FAE04EC0-301F-11D3-BF4B-00C04F79EFBC}") = "02_c083", "02_c083\02_c083.csproj", "{D77F079C-6066-49BD-890C-61E0B979A70D}"
EndProject
Global
	GlobalSection(SolutionConfigurationPlatforms) = preSolution
		Debug|Any CPU = Debug|Any CPU
		Release|Any CPU = Release|Any CPU
	EndGlobalSection
	GlobalSection(ProjectConfigurationPlatforms) = postSolution
		{D77F079C-6066-49BD-890C-61E0B979A70D}.Debug|Any CPU.ActiveCfg = Debug|Any CPU
		{D77F079C-6066-49BD-890C-61E0B979A70D}.Debug|Any CPU.Build.0 = Debug|Any CPU
		{D77F079C-6066-49BD-890C-61E0B979A70D}.Release|Any CPU.ActiveCfg = Release|Any CPU
		{D77F079C-6066-49BD-890C-61E0B979A70D}.Release|Any CPU.Build.0 = Release|Any CPU
	EndGlobalSection
	GlobalSection(SolutionProperties) = preSolution
		HideSolutionNode = FALSE
	EndGlobalSection
	GlobalSection(ExtensibilityGlobals) = postSolution
		SolutionGuid = {78EE12B0-5110-4130-9A31-E790CA72F8AF}
	EndGlobalSection
EndGlobal
