
Microsoft Visual Studio Solution File, Format Version 12.00
# Visual Studio Version 17
VisualStudioVersion = 17.9.34728.123
MinimumVisualStudioVersion = 10.0.40219.1
Project("{FAE04EC0-301F-11D3-BF4B-00C04F79EFBC}") = "d286", "d286\d286.csproj", "{3ADCB5E1-1DAE-46F3-96E6-DC4DCFD967C9}"
EndProject
Global
	GlobalSection(SolutionConfigurationPlatforms) = preSolution
		Debug|Any CPU = Debug|Any CPU
		Release|Any CPU = Release|Any CPU
	EndGlobalSection
	GlobalSection(ProjectConfigurationPlatforms) = postSolution
		{3ADCB5E1-1DAE-46F3-96E6-DC4DCFD967C9}.Debug|Any CPU.ActiveCfg = Debug|Any CPU
		{3ADCB5E1-1DAE-46F3-96E6-DC4DCFD967C9}.Debug|Any CPU.Build.0 = Debug|Any CPU
		{3ADCB5E1-1DAE-46F3-96E6-DC4DCFD967C9}.Release|Any CPU.ActiveCfg = Release|Any CPU
		{3ADCB5E1-1DAE-46F3-96E6-DC4DCFD967C9}.Release|Any CPU.Build.0 = Release|Any CPU
	EndGlobalSection
	GlobalSection(SolutionProperties) = preSolution
		HideSolutionNode = FALSE
	EndGlobalSection
	GlobalSection(ExtensibilityGlobals) = postSolution
		SolutionGuid = {B4A22034-C610-42A9-AFBD-4698C75C736D}
	EndGlobalSection
EndGlobal
