
Microsoft Visual Studio Solution File, Format Version 12.00
# Visual Studio Version 17
VisualStudioVersion = 17.6.33829.357
MinimumVisualStudioVersion = 10.0.40219.1
Project("{FAE04EC0-301F-11D3-BF4B-00C04F79EFBC}") = "03", "03\03.csproj", "{C2C22E29-6FD5-457B-ACEF-A418BCC048DD}"
EndProject
Global
	GlobalSection(SolutionConfigurationPlatforms) = preSolution
		Debug|Any CPU = Debug|Any CPU
		Release|Any CPU = Release|Any CPU
	EndGlobalSection
	GlobalSection(ProjectConfigurationPlatforms) = postSolution
		{C2C22E29-6FD5-457B-ACEF-A418BCC048DD}.Debug|Any CPU.ActiveCfg = Debug|Any CPU
		{C2C22E29-6FD5-457B-ACEF-A418BCC048DD}.Debug|Any CPU.Build.0 = Debug|Any CPU
		{C2C22E29-6FD5-457B-ACEF-A418BCC048DD}.Release|Any CPU.ActiveCfg = Release|Any CPU
		{C2C22E29-6FD5-457B-ACEF-A418BCC048DD}.Release|Any CPU.Build.0 = Release|Any CPU
	EndGlobalSection
	GlobalSection(SolutionProperties) = preSolution
		HideSolutionNode = FALSE
	EndGlobalSection
	GlobalSection(ExtensibilityGlobals) = postSolution
		SolutionGuid = {D11C682A-19FC-4FB8-801C-7822A13F3F9B}
	EndGlobalSection
EndGlobal
