
Microsoft Visual Studio Solution File, Format Version 12.00
# Visual Studio Version 17
VisualStudioVersion = 17.7.34024.191
MinimumVisualStudioVersion = 10.0.40219.1
Project("{FAE04EC0-301F-11D3-BF4B-00C04F79EFBC}") = "d272", "d272\d272.csproj", "{7A27A8E6-A111-4853-A7BB-0962DD519E41}"
EndProject
Global
	GlobalSection(SolutionConfigurationPlatforms) = preSolution
		Debug|Any CPU = Debug|Any CPU
		Release|Any CPU = Release|Any CPU
	EndGlobalSection
	GlobalSection(ProjectConfigurationPlatforms) = postSolution
		{7A27A8E6-A111-4853-A7BB-0962DD519E41}.Debug|Any CPU.ActiveCfg = Debug|Any CPU
		{7A27A8E6-A111-4853-A7BB-0962DD519E41}.Debug|Any CPU.Build.0 = Debug|Any CPU
		{7A27A8E6-A111-4853-A7BB-0962DD519E41}.Release|Any CPU.ActiveCfg = Release|Any CPU
		{7A27A8E6-A111-4853-A7BB-0962DD519E41}.Release|Any CPU.Build.0 = Release|Any CPU
	EndGlobalSection
	GlobalSection(SolutionProperties) = preSolution
		HideSolutionNode = FALSE
	EndGlobalSection
	GlobalSection(ExtensibilityGlobals) = postSolution
		SolutionGuid = {27672D8B-1E79-48DB-98E5-6854521466D3}
	EndGlobalSection
EndGlobal
