
Microsoft Visual Studio Solution File, Format Version 12.00
# Visual Studio Version 17
VisualStudioVersion = 17.10.34928.147
MinimumVisualStudioVersion = 10.0.40219.1
Project("{FAE04EC0-301F-11D3-BF4B-00C04F79EFBC}") = "d294", "d294\d294.csproj", "{2E775594-5E67-4BD2-B66E-EA3FC91BBDCC}"
EndProject
Global
	GlobalSection(SolutionConfigurationPlatforms) = preSolution
		Debug|Any CPU = Debug|Any CPU
		Release|Any CPU = Release|Any CPU
	EndGlobalSection
	GlobalSection(ProjectConfigurationPlatforms) = postSolution
		{2E775594-5E67-4BD2-B66E-EA3FC91BBDCC}.Debug|Any CPU.ActiveCfg = Debug|Any CPU
		{2E775594-5E67-4BD2-B66E-EA3FC91BBDCC}.Debug|Any CPU.Build.0 = Debug|Any CPU
		{2E775594-5E67-4BD2-B66E-EA3FC91BBDCC}.Release|Any CPU.ActiveCfg = Release|Any CPU
		{2E775594-5E67-4BD2-B66E-EA3FC91BBDCC}.Release|Any CPU.Build.0 = Release|Any CPU
	EndGlobalSection
	GlobalSection(SolutionProperties) = preSolution
		HideSolutionNode = FALSE
	EndGlobalSection
	GlobalSection(ExtensibilityGlobals) = postSolution
		SolutionGuid = {4FC6D58C-2017-4C12-A582-86D9FD46ED50}
	EndGlobalSection
EndGlobal
