
Microsoft Visual Studio Solution File, Format Version 12.00
# Visual Studio Version 17
VisualStudioVersion = 17.6.33829.357
MinimumVisualStudioVersion = 10.0.40219.1
Project("{FAE04EC0-301F-11D3-BF4B-00C04F79EFBC}") = "05", "05\05.csproj", "{A39C5DC1-5E5B-4E43-84C2-CC89439B95D9}"
EndProject
Global
	GlobalSection(SolutionConfigurationPlatforms) = preSolution
		Debug|Any CPU = Debug|Any CPU
		Release|Any CPU = Release|Any CPU
	EndGlobalSection
	GlobalSection(ProjectConfigurationPlatforms) = postSolution
		{A39C5DC1-5E5B-4E43-84C2-CC89439B95D9}.Debug|Any CPU.ActiveCfg = Debug|Any CPU
		{A39C5DC1-5E5B-4E43-84C2-CC89439B95D9}.Debug|Any CPU.Build.0 = Debug|Any CPU
		{A39C5DC1-5E5B-4E43-84C2-CC89439B95D9}.Release|Any CPU.ActiveCfg = Release|Any CPU
		{A39C5DC1-5E5B-4E43-84C2-CC89439B95D9}.Release|Any CPU.Build.0 = Release|Any CPU
	EndGlobalSection
	GlobalSection(SolutionProperties) = preSolution
		HideSolutionNode = FALSE
	EndGlobalSection
	GlobalSection(ExtensibilityGlobals) = postSolution
		SolutionGuid = {FD72710C-496B-4AA0-8B06-B6D71C8C678B}
	EndGlobalSection
EndGlobal
