
Microsoft Visual Studio Solution File, Format Version 12.00
# Visual Studio Version 17
VisualStudioVersion = 17.7.34024.191
MinimumVisualStudioVersion = 10.0.40219.1
Project("{FAE04EC0-301F-11D3-BF4B-00C04F79EFBC}") = "c068", "c068\c068.csproj", "{F023AEC0-4F34-434D-876E-5CEAEE38EE7A}"
EndProject
Global
	GlobalSection(SolutionConfigurationPlatforms) = preSolution
		Debug|Any CPU = Debug|Any CPU
		Release|Any CPU = Release|Any CPU
	EndGlobalSection
	GlobalSection(ProjectConfigurationPlatforms) = postSolution
		{F023AEC0-4F34-434D-876E-5CEAEE38EE7A}.Debug|Any CPU.ActiveCfg = Debug|Any CPU
		{F023AEC0-4F34-434D-876E-5CEAEE38EE7A}.Debug|Any CPU.Build.0 = Debug|Any CPU
		{F023AEC0-4F34-434D-876E-5CEAEE38EE7A}.Release|Any CPU.ActiveCfg = Release|Any CPU
		{F023AEC0-4F34-434D-876E-5CEAEE38EE7A}.Release|Any CPU.Build.0 = Release|Any CPU
	EndGlobalSection
	GlobalSection(SolutionProperties) = preSolution
		HideSolutionNode = FALSE
	EndGlobalSection
	GlobalSection(ExtensibilityGlobals) = postSolution
		SolutionGuid = {2A5A9B30-C6B6-48DF-B5CC-259FAC570C66}
	EndGlobalSection
EndGlobal
