
Microsoft Visual Studio Solution File, Format Version 12.00
# Visual Studio Version 17
VisualStudioVersion = 17.10.34928.147
MinimumVisualStudioVersion = 10.0.40219.1
Project("{FAE04EC0-301F-11D3-BF4B-00C04F79EFBC}") = "d295", "d295\d295.csproj", "{BB84843A-22C6-46D9-AE8E-86A34AC36825}"
EndProject
Global
	GlobalSection(SolutionConfigurationPlatforms) = preSolution
		Debug|Any CPU = Debug|Any CPU
		Release|Any CPU = Release|Any CPU
	EndGlobalSection
	GlobalSection(ProjectConfigurationPlatforms) = postSolution
		{BB84843A-22C6-46D9-AE8E-86A34AC36825}.Debug|Any CPU.ActiveCfg = Debug|Any CPU
		{BB84843A-22C6-46D9-AE8E-86A34AC36825}.Debug|Any CPU.Build.0 = Debug|Any CPU
		{BB84843A-22C6-46D9-AE8E-86A34AC36825}.Release|Any CPU.ActiveCfg = Release|Any CPU
		{BB84843A-22C6-46D9-AE8E-86A34AC36825}.Release|Any CPU.Build.0 = Release|Any CPU
	EndGlobalSection
	GlobalSection(SolutionProperties) = preSolution
		HideSolutionNode = FALSE
	EndGlobalSection
	GlobalSection(ExtensibilityGlobals) = postSolution
		SolutionGuid = {7BC63F0D-27C8-442D-A937-073764ADD7C1}
	EndGlobalSection
EndGlobal
