
Microsoft Visual Studio Solution File, Format Version 12.00
# Visual Studio Version 17
VisualStudioVersion = 17.7.34009.444
MinimumVisualStudioVersion = 10.0.40219.1
Project("{FAE04EC0-301F-11D3-BF4B-00C04F79EFBC}") = "03", "03\03.csproj", "{A1EE8C11-6228-4659-A610-4BD585C14CE8}"
EndProject
Global
	GlobalSection(SolutionConfigurationPlatforms) = preSolution
		Debug|Any CPU = Debug|Any CPU
		Release|Any CPU = Release|Any CPU
	EndGlobalSection
	GlobalSection(ProjectConfigurationPlatforms) = postSolution
		{A1EE8C11-6228-4659-A610-4BD585C14CE8}.Debug|Any CPU.ActiveCfg = Debug|Any CPU
		{A1EE8C11-6228-4659-A610-4BD585C14CE8}.Debug|Any CPU.Build.0 = Debug|Any CPU
		{A1EE8C11-6228-4659-A610-4BD585C14CE8}.Release|Any CPU.ActiveCfg = Release|Any CPU
		{A1EE8C11-6228-4659-A610-4BD585C14CE8}.Release|Any CPU.Build.0 = Release|Any CPU
	EndGlobalSection
	GlobalSection(SolutionProperties) = preSolution
		HideSolutionNode = FALSE
	EndGlobalSection
	GlobalSection(ExtensibilityGlobals) = postSolution
		SolutionGuid = {541EF9D2-AC38-4451-A047-1FB12458A78B}
	EndGlobalSection
EndGlobal
