
Microsoft Visual Studio Solution File, Format Version 12.00
# Visual Studio Version 17
VisualStudioVersion = 17.6.33829.357
MinimumVisualStudioVersion = 10.0.40219.1
Project("{FAE04EC0-301F-11D3-BF4B-00C04F79EFBC}") = "230813_07", "230813_07\230813_07.csproj", "{1D914755-6661-4465-BCF5-3550D7F0136C}"
EndProject
Global
	GlobalSection(SolutionConfigurationPlatforms) = preSolution
		Debug|Any CPU = Debug|Any CPU
		Release|Any CPU = Release|Any CPU
	EndGlobalSection
	GlobalSection(ProjectConfigurationPlatforms) = postSolution
		{1D914755-6661-4465-BCF5-3550D7F0136C}.Debug|Any CPU.ActiveCfg = Debug|Any CPU
		{1D914755-6661-4465-BCF5-3550D7F0136C}.Debug|Any CPU.Build.0 = Debug|Any CPU
		{1D914755-6661-4465-BCF5-3550D7F0136C}.Release|Any CPU.ActiveCfg = Release|Any CPU
		{1D914755-6661-4465-BCF5-3550D7F0136C}.Release|Any CPU.Build.0 = Release|Any CPU
	EndGlobalSection
	GlobalSection(SolutionProperties) = preSolution
		HideSolutionNode = FALSE
	EndGlobalSection
	GlobalSection(ExtensibilityGlobals) = postSolution
		SolutionGuid = {364D5C29-5F50-496F-8E2C-0C5C8A1790E4}
	EndGlobalSection
EndGlobal
