
Microsoft Visual Studio Solution File, Format Version 12.00
# Visual Studio Version 17
VisualStudioVersion = 17.6.33829.357
MinimumVisualStudioVersion = 10.0.40219.1
Project("{FAE04EC0-301F-11D3-BF4B-00C04F79EFBC}") = "230812_9", "230812_9\230812_9.csproj", "{29D92F20-FF77-432D-818A-1288F1B74106}"
EndProject
Global
	GlobalSection(SolutionConfigurationPlatforms) = preSolution
		Debug|Any CPU = Debug|Any CPU
		Release|Any CPU = Release|Any CPU
	EndGlobalSection
	GlobalSection(ProjectConfigurationPlatforms) = postSolution
		{29D92F20-FF77-432D-818A-1288F1B74106}.Debug|Any CPU.ActiveCfg = Debug|Any CPU
		{29D92F20-FF77-432D-818A-1288F1B74106}.Debug|Any CPU.Build.0 = Debug|Any CPU
		{29D92F20-FF77-432D-818A-1288F1B74106}.Release|Any CPU.ActiveCfg = Release|Any CPU
		{29D92F20-FF77-432D-818A-1288F1B74106}.Release|Any CPU.Build.0 = Release|Any CPU
	EndGlobalSection
	GlobalSection(SolutionProperties) = preSolution
		HideSolutionNode = FALSE
	EndGlobalSection
	GlobalSection(ExtensibilityGlobals) = postSolution
		SolutionGuid = {FD4B5C8C-8E11-4668-9838-5EC63C041BA8}
	EndGlobalSection
EndGlobal
