
Microsoft Visual Studio Solution File, Format Version 12.00
# Visual Studio Version 17
VisualStudioVersion = 17.6.33829.357
MinimumVisualStudioVersion = 10.0.40219.1
Project("{FAE04EC0-301F-11D3-BF4B-00C04F79EFBC}") = "SampleEx401", "SampleEx401\SampleEx401.csproj", "{6AB956A3-ECFC-4508-BC96-91688942321C}"
EndProject
Global
	GlobalSection(SolutionConfigurationPlatforms) = preSolution
		Debug|Any CPU = Debug|Any CPU
		Release|Any CPU = Release|Any CPU
	EndGlobalSection
	GlobalSection(ProjectConfigurationPlatforms) = postSolution
		{6AB956A3-ECFC-4508-BC96-91688942321C}.Debug|Any CPU.ActiveCfg = Debug|Any CPU
		{6AB956A3-ECFC-4508-BC96-91688942321C}.Debug|Any CPU.Build.0 = Debug|Any CPU
		{6AB956A3-ECFC-4508-BC96-91688942321C}.Release|Any CPU.ActiveCfg = Release|Any CPU
		{6AB956A3-ECFC-4508-BC96-91688942321C}.Release|Any CPU.Build.0 = Release|Any CPU
	EndGlobalSection
	GlobalSection(SolutionProperties) = preSolution
		HideSolutionNode = FALSE
	EndGlobalSection
	GlobalSection(ExtensibilityGlobals) = postSolution
		SolutionGuid = {4B21AE48-364E-40C9-B419-79A9658349B4}
	EndGlobalSection
EndGlobal
