
Microsoft Visual Studio Solution File, Format Version 12.00
# Visual Studio Version 17
VisualStudioVersion = 17.10.34928.147
MinimumVisualStudioVersion = 10.0.40219.1
Project("{FAE04EC0-301F-11D3-BF4B-00C04F79EFBC}") = "d320", "d320\d320.csproj", "{D6ADD24E-FE6E-4256-9932-D1D482417413}"
EndProject
Global
	GlobalSection(SolutionConfigurationPlatforms) = preSolution
		Debug|Any CPU = Debug|Any CPU
		Release|Any CPU = Release|Any CPU
	EndGlobalSection
	GlobalSection(ProjectConfigurationPlatforms) = postSolution
		{D6ADD24E-FE6E-4256-9932-D1D482417413}.Debug|Any CPU.ActiveCfg = Debug|Any CPU
		{D6ADD24E-FE6E-4256-9932-D1D482417413}.Debug|Any CPU.Build.0 = Debug|Any CPU
		{D6ADD24E-FE6E-4256-9932-D1D482417413}.Release|Any CPU.ActiveCfg = Release|Any CPU
		{D6ADD24E-FE6E-4256-9932-D1D482417413}.Release|Any CPU.Build.0 = Release|Any CPU
	EndGlobalSection
	GlobalSection(SolutionProperties) = preSolution
		HideSolutionNode = FALSE
	EndGlobalSection
	GlobalSection(ExtensibilityGlobals) = postSolution
		SolutionGuid = {5B8D2728-A01E-41A6-B94E-E1B34BD8C7DA}
	EndGlobalSection
EndGlobal
