
Microsoft Visual Studio Solution File, Format Version 12.00
# Visual Studio Version 17
VisualStudioVersion = 17.7.34024.191
MinimumVisualStudioVersion = 10.0.40219.1
Project("{FAE04EC0-301F-11D3-BF4B-00C04F79EFBC}") = "d283", "d283\d283.csproj", "{487F078C-1888-426B-B9EE-D5800CB72F2D}"
EndProject
Global
	GlobalSection(SolutionConfigurationPlatforms) = preSolution
		Debug|Any CPU = Debug|Any CPU
		Release|Any CPU = Release|Any CPU
	EndGlobalSection
	GlobalSection(ProjectConfigurationPlatforms) = postSolution
		{487F078C-1888-426B-B9EE-D5800CB72F2D}.Debug|Any CPU.ActiveCfg = Debug|Any CPU
		{487F078C-1888-426B-B9EE-D5800CB72F2D}.Debug|Any CPU.Build.0 = Debug|Any CPU
		{487F078C-1888-426B-B9EE-D5800CB72F2D}.Release|Any CPU.ActiveCfg = Release|Any CPU
		{487F078C-1888-426B-B9EE-D5800CB72F2D}.Release|Any CPU.Build.0 = Release|Any CPU
	EndGlobalSection
	GlobalSection(SolutionProperties) = preSolution
		HideSolutionNode = FALSE
	EndGlobalSection
	GlobalSection(ExtensibilityGlobals) = postSolution
		SolutionGuid = {2E8261A7-936D-414D-BF00-4C6FE91DFAE6}
	EndGlobalSection
EndGlobal
