
Microsoft Visual Studio Solution File, Format Version 12.00
# Visual Studio Version 17
VisualStudioVersion = 17.6.33829.357
MinimumVisualStudioVersion = 10.0.40219.1
Project("{FAE04EC0-301F-11D3-BF4B-00C04F79EFBC}") = "230813_08", "230813_08\230813_08.csproj", "{8B9219D3-BE9C-46B3-B796-F6636352DD47}"
EndProject
Global
	GlobalSection(SolutionConfigurationPlatforms) = preSolution
		Debug|Any CPU = Debug|Any CPU
		Release|Any CPU = Release|Any CPU
	EndGlobalSection
	GlobalSection(ProjectConfigurationPlatforms) = postSolution
		{8B9219D3-BE9C-46B3-B796-F6636352DD47}.Debug|Any CPU.ActiveCfg = Debug|Any CPU
		{8B9219D3-BE9C-46B3-B796-F6636352DD47}.Debug|Any CPU.Build.0 = Debug|Any CPU
		{8B9219D3-BE9C-46B3-B796-F6636352DD47}.Release|Any CPU.ActiveCfg = Release|Any CPU
		{8B9219D3-BE9C-46B3-B796-F6636352DD47}.Release|Any CPU.Build.0 = Release|Any CPU
	EndGlobalSection
	GlobalSection(SolutionProperties) = preSolution
		HideSolutionNode = FALSE
	EndGlobalSection
	GlobalSection(ExtensibilityGlobals) = postSolution
		SolutionGuid = {4C398EE6-94B8-48B4-ADC3-E51CC3CD308F}
	EndGlobalSection
EndGlobal
