
Microsoft Visual Studio Solution File, Format Version 12.00
# Visual Studio Version 17
VisualStudioVersion = 17.6.33829.357
MinimumVisualStudioVersion = 10.0.40219.1
Project("{FAE04EC0-301F-11D3-BF4B-00C04F79EFBC}") = "SampleEx101", "SampleEx101\SampleEx101.csproj", "{EC8ACDE0-9474-4375-8C7C-D5DDA6225F8E}"
EndProject
Global
	GlobalSection(SolutionConfigurationPlatforms) = preSolution
		Debug|Any CPU = Debug|Any CPU
		Release|Any CPU = Release|Any CPU
	EndGlobalSection
	GlobalSection(ProjectConfigurationPlatforms) = postSolution
		{EC8ACDE0-9474-4375-8C7C-D5DDA6225F8E}.Debug|Any CPU.ActiveCfg = Debug|Any CPU
		{EC8ACDE0-9474-4375-8C7C-D5DDA6225F8E}.Debug|Any CPU.Build.0 = Debug|Any CPU
		{EC8ACDE0-9474-4375-8C7C-D5DDA6225F8E}.Release|Any CPU.ActiveCfg = Release|Any CPU
		{EC8ACDE0-9474-4375-8C7C-D5DDA6225F8E}.Release|Any CPU.Build.0 = Release|Any CPU
	EndGlobalSection
	GlobalSection(SolutionProperties) = preSolution
		HideSolutionNode = FALSE
	EndGlobalSection
	GlobalSection(ExtensibilityGlobals) = postSolution
		SolutionGuid = {ED3F0EE6-8FD1-4EEC-9701-71DBC471E4D9}
	EndGlobalSection
EndGlobal
