
Microsoft Visual Studio Solution File, Format Version 12.00
# Visual Studio Version 17
VisualStudioVersion = 17.7.34024.191
MinimumVisualStudioVersion = 10.0.40219.1
Project("{FAE04EC0-301F-11D3-BF4B-00C04F79EFBC}") = "c067", "c067\c067.csproj", "{A775EABF-CBD6-4504-843E-E100853B2B26}"
EndProject
Global
	GlobalSection(SolutionConfigurationPlatforms) = preSolution
		Debug|Any CPU = Debug|Any CPU
		Release|Any CPU = Release|Any CPU
	EndGlobalSection
	GlobalSection(ProjectConfigurationPlatforms) = postSolution
		{A775EABF-CBD6-4504-843E-E100853B2B26}.Debug|Any CPU.ActiveCfg = Debug|Any CPU
		{A775EABF-CBD6-4504-843E-E100853B2B26}.Debug|Any CPU.Build.0 = Debug|Any CPU
		{A775EABF-CBD6-4504-843E-E100853B2B26}.Release|Any CPU.ActiveCfg = Release|Any CPU
		{A775EABF-CBD6-4504-843E-E100853B2B26}.Release|Any CPU.Build.0 = Release|Any CPU
	EndGlobalSection
	GlobalSection(SolutionProperties) = preSolution
		HideSolutionNode = FALSE
	EndGlobalSection
	GlobalSection(ExtensibilityGlobals) = postSolution
		SolutionGuid = {7BD0E3C3-EE06-4192-BB66-D8131BC654B4}
	EndGlobalSection
EndGlobal
