
Microsoft Visual Studio Solution File, Format Version 12.00
# Visual Studio Version 17
VisualStudioVersion = 17.6.33829.357
MinimumVisualStudioVersion = 10.0.40219.1
Project("{FAE04EC0-301F-11D3-BF4B-00C04F79EFBC}") = "230812_18", "230812_18\230812_18.csproj", "{4F8EA3A6-E43B-49D7-B3FB-006F73657551}"
EndProject
Global
	GlobalSection(SolutionConfigurationPlatforms) = preSolution
		Debug|Any CPU = Debug|Any CPU
		Release|Any CPU = Release|Any CPU
	EndGlobalSection
	GlobalSection(ProjectConfigurationPlatforms) = postSolution
		{4F8EA3A6-E43B-49D7-B3FB-006F73657551}.Debug|Any CPU.ActiveCfg = Debug|Any CPU
		{4F8EA3A6-E43B-49D7-B3FB-006F73657551}.Debug|Any CPU.Build.0 = Debug|Any CPU
		{4F8EA3A6-E43B-49D7-B3FB-006F73657551}.Release|Any CPU.ActiveCfg = Release|Any CPU
		{4F8EA3A6-E43B-49D7-B3FB-006F73657551}.Release|Any CPU.Build.0 = Release|Any CPU
	EndGlobalSection
	GlobalSection(SolutionProperties) = preSolution
		HideSolutionNode = FALSE
	EndGlobalSection
	GlobalSection(ExtensibilityGlobals) = postSolution
		SolutionGuid = {071CB1C6-53D3-42FA-8415-94CA645AFAAE}
	EndGlobalSection
EndGlobal
